// !$*UTF8*$!
{
	archiveVersion = 1;
	classes = {
	};
	objectVersion = 77;
	objects = {

/* Begin PBXContainerItemProxy section */
		98EC5FE12DD32DDF0077454D /* PBXContainerItemProxy */ = {
			isa = PBXContainerItemProxy;
			containerPortal = 98EC5FC82DD32DDD0077454D /* Project object */;
			proxyType = 1;
			remoteGlobalIDString = 98EC5FCF2DD32DDD0077454D;
			remoteInfo = Memorize;
		};
		98EC5FEB2DD32DDF0077454D /* PBXContainerItemProxy */ = {
			isa = PBXContainerItemProxy;
			containerPortal = 98EC5FC82DD32DDD0077454D /* Project object */;
			proxyType = 1;
			remoteGlobalIDString = 98EC5FCF2DD32DDD0077454D;
			remoteInfo = Memorize;
		};
/* End PBXContainerItemProxy section */

/* Begin PBXFileReference section */
		98EC5FD02DD32DDD0077454D /* Memorize.app */ = {isa = PBXFileReference; explicitFileType = wrapper.application; includeInIndex = 0; path = Memorize.app; sourceTree = BUILT_PRODUCTS_DIR; };
		98EC5FE02DD32DDF0077454D /* MemorizeTests.xctest */ = {isa = PBXFileReference; explicitFileType = wrapper.cfbundle; includeInIndex = 0; path = MemorizeTests.xctest; sourceTree = BUILT_PRODUCTS_DIR; };
		98EC5FEA2DD32DDF0077454D /* MemorizeUITests.xctest */ = {isa = PBXFileReference; explicitFileType = wrapper.cfbundle; includeInIndex = 0; path = MemorizeUITests.xctest; sourceTree = BUILT_PRODUCTS_DIR; };
/* End PBXFileReference section */

/* Begin PBXFileSystemSynchronizedRootGroup section */
		98EC5FD22DD32DDD0077454D /* Memorize */ = {
			isa = PBXFileSystemSynchronizedRootGroup;
			path = Memorize;
			sourceTree = "<group>";
		};
		98EC5FE32DD32DDF0077454D /* MemorizeTests */ = {
			isa = PBXFileSystemSynchronizedRootGroup;
			path = MemorizeTests;
			sourceTree = "<group>";
		};
		98EC5FED2DD32DDF0077454D /* MemorizeUITests */ = {
			isa = PBXFileSystemSynchronizedRootGroup;
			path = MemorizeUITests;
			sourceTree = "<group>";
		};
/* End PBXFileSystemSynchronizedRootGroup section */

/* Begin PBXFrameworksBuildPhase section */
		98EC5FCD2DD32DDD0077454D /* Frameworks */ = {
			isa = PBXFrameworksBuildPhase;
			buildActionMask = 2147483647;
			files = (
			);
			runOnlyForDeploymentPostprocessing = 0;
		};
		98EC5FDD2DD32DDF0077454D /* Frameworks */ = {
			isa = PBXFrameworksBuildPhase;
			buildActionMask = 2147483647;
			files = (
			);
			runOnlyForDeploymentPostprocessing = 0;
		};
		98EC5FE72DD32DDF0077454D /* Frameworks */ = {
			isa = PBXFrameworksBuildPhase;
			buildActionMask = 2147483647;
			files = (
			);
			runOnlyForDeploymentPostprocessing = 0;
		};
/* End PBXFrameworksBuildPhase section */

/* Begin PBXGroup section */
		98EC5FC72DD32DDD0077454D = {
			isa = PBXGroup;
			children = (
				98EC5FD22DD32DDD0077454D /* Memorize */,
				98EC5FE32DD32DDF0077454D /* MemorizeTests */,
				98EC5FED2DD32DDF0077454D /* MemorizeUITests */,
				98EC5FD12DD32DDD0077454D /* Products */,
			);
			sourceTree = "<group>";
		};
		98EC5FD12DD32DDD0077454D /* Products */ = {
			isa = PBXGroup;
			children = (
				98EC5FD02DD32DDD0077454D /* Memorize.app */,
				98EC5FE02DD32DDF0077454D /* MemorizeTests.xctest */,
				98EC5FEA2DD32DDF0077454D /* MemorizeUITests.xctest */,
			);
			name = Products;
			sourceTree = "<group>";
		};
/* End PBXGroup section */

/* Begin PBXNativeTarget section */
		98EC5FCF2DD32DDD0077454D /* Memorize */ = {
			isa = PBXNativeTarget;
			buildConfigurationList = 98EC5FF42DD32DDF0077454D /* Build configuration list for PBXNativeTarget "Memorize" */;
			buildPhases = (
				98EC5FCC2DD32DDD0077454D /* Sources */,
				98EC5FCD2DD32DDD0077454D /* Frameworks */,
				98EC5FCE2DD32DDD0077454D /* Resources */,
			);
			buildRules = (
			);
			dependencies = (
			);
			fileSystemSynchronizedGroups = (
				98EC5FD22DD32DDD0077454D /* Memorize */,
			);
			name = Memorize;
			packageProductDependencies = (
			);
			productName = Memorize;
			productReference = 98EC5FD02DD32DDD0077454D /* Memorize.app */;
			productType = "com.apple.product-type.application";
		};
		98EC5FDF2DD32DDF0077454D /* MemorizeTests */ = {
			isa = PBXNativeTarget;
			buildConfigurationList = 98EC5FF72DD32DDF0077454D /* Build configuration list for PBXNativeTarget "MemorizeTests" */;
			buildPhases = (
				98EC5FDC2DD32DDF0077454D /* Sources */,
				98EC5FDD2DD32DDF0077454D /* Frameworks */,
				98EC5FDE2DD32DDF0077454D /* Resources */,
			);
			buildRules = (
			);
			dependencies = (
				98EC5FE22DD32DDF0077454D /* PBXTargetDependency */,
			);
			fileSystemSynchronizedGroups = (
				98EC5FE32DD32DDF0077454D /* MemorizeTests */,
			);
			name = MemorizeTests;
			packageProductDependencies = (
			);
			productName = MemorizeTests;
			productReference = 98EC5FE02DD32DDF0077454D /* MemorizeTests.xctest */;
			productType = "com.apple.product-type.bundle.unit-test";
		};
		98EC5FE92DD32DDF0077454D /* MemorizeUITests */ = {
			isa = PBXNativeTarget;
			buildConfigurationList = 98EC5FFA2DD32DDF0077454D /* Build configuration list for PBXNativeTarget "MemorizeUITests" */;
			buildPhases = (
				98EC5FE62DD32DDF0077454D /* Sources */,
				98EC5FE72DD32DDF0077454D /* Frameworks */,
				98EC5FE82DD32DDF0077454D /* Resources */,
			);
			buildRules = (
			);
			dependencies = (
				98EC5FEC2DD32DDF0077454D /* PBXTargetDependency */,
			);
			fileSystemSynchronizedGroups = (
				98EC5FED2DD32DDF0077454D /* MemorizeUITests */,
			);
			name = MemorizeUITests;
			packageProductDependencies = (
			);
			productName = MemorizeUITests;
			productReference = 98EC5FEA2DD32DDF0077454D /* MemorizeUITests.xctest */;
			productType = "com.apple.product-type.bundle.ui-testing";
		};
/* End PBXNativeTarget section */

/* Begin PBXProject section */
		98EC5FC82DD32DDD0077454D /* Project object */ = {
			isa = PBXProject;
			attributes = {
				BuildIndependentTargetsInParallel = 1;
				LastSwiftUpdateCheck = 1620;
				LastUpgradeCheck = 1620;
				TargetAttributes = {
					98EC5FCF2DD32DDD0077454D = {
						CreatedOnToolsVersion = 16.2;
					};
					98EC5FDF2DD32DDF0077454D = {
						CreatedOnToolsVersion = 16.2;
						TestTargetID = 98EC5FCF2DD32DDD0077454D;
					};
					98EC5FE92DD32DDF0077454D = {
						CreatedOnToolsVersion = 16.2;
						TestTargetID = 98EC5FCF2DD32DDD0077454D;
					};
				};
			};
			buildConfigurationList = 98EC5FCB2DD32DDD0077454D /* Build configuration list for PBXProject "Memorize" */;
			developmentRegion = en;
			hasScannedForEncodings = 0;
			knownRegions = (
				en,
				Base,
			);
			mainGroup = 98EC5FC72DD32DDD0077454D;
			minimizedProjectReferenceProxies = 1;
			preferredProjectObjectVersion = 77;
			productRefGroup = 98EC5FD12DD32DDD0077454D /* Products */;
			projectDirPath = "";
			projectRoot = "";
			targets = (
				98EC5FCF2DD32DDD0077454D /* Memorize */,
				98EC5FDF2DD32DDF0077454D /* MemorizeTests */,
				98EC5FE92DD32DDF0077454D /* MemorizeUITests */,
			);
		};
/* End PBXProject section */

/* Begin PBXResourcesBuildPhase section */
		98EC5FCE2DD32DDD0077454D /* Resources */ = {
			isa = PBXResourcesBuildPhase;
			buildActionMask = 2147483647;
			files = (
			);
			runOnlyForDeploymentPostprocessing = 0;
		};
		98EC5FDE2DD32DDF0077454D /* Resources */ = {
			isa = PBXResourcesBuildPhase;
			buildActionMask = 2147483647;
			files = (
			);
			runOnlyForDeploymentPostprocessing = 0;
		};
		98EC5FE82DD32DDF0077454D /* Resources */ = {
			isa = PBXResourcesBuildPhase;
			buildActionMask = 2147483647;
			files = (
			);
			runOnlyForDeploymentPostprocessing = 0;
		};
/* End PBXResourcesBuildPhase section */

/* Begin PBXSourcesBuildPhase section */
		98EC5FCC2DD32DDD0077454D /* Sources */ = {
			isa = PBXSourcesBuildPhase;
			buildActionMask = 2147483647;
			files = (
			);
			runOnlyForDeploymentPostprocessing = 0;
		};
		98EC5FDC2DD32DDF0077454D /* Sources */ = {
			isa = PBXSourcesBuildPhase;
			buildActionMask = 2147483647;
			files = (
			);
			runOnlyForDeploymentPostprocessing = 0;
		};
		98EC5FE62DD32DDF0077454D /* Sources */ = {
			isa = PBXSourcesBuildPhase;
			buildActionMask = 2147483647;
			files = (
			);
			runOnlyForDeploymentPostprocessing = 0;
		};
/* End PBXSourcesBuildPhase section */

/* Begin PBXTargetDependency section */
		98EC5FE22DD32DDF0077454D /* PBXTargetDependency */ = {
			isa = PBXTargetDependency;
			target = 98EC5FCF2DD32DDD0077454D /* Memorize */;
			targetProxy = 98EC5FE12DD32DDF0077454D /* PBXContainerItemProxy */;
		};
		98EC5FEC2DD32DDF0077454D /* PBXTargetDependency */ = {
			isa = PBXTargetDependency;
			target = 98EC5FCF2DD32DDD0077454D /* Memorize */;
			targetProxy = 98EC5FEB2DD32DDF0077454D /* PBXContainerItemProxy */;
		};
/* End PBXTargetDependency section */

/* Begin XCBuildConfiguration section */
		98EC5FF22DD32DDF0077454D /* Debug */ = {
			isa = XCBuildConfiguration;
			buildSettings = {
				ALWAYS_SEARCH_USER_PATHS = NO;
				ASSETCATALOG_COMPILER_GENERATE_SWIFT_ASSET_SYMBOL_EXTENSIONS = YES;
				CLANG_ANALYZER_NONNULL = YES;
				CLANG_ANALYZER_NUMBER_OBJECT_CONVERSION = YES_AGGRESSIVE;
				CLANG_CXX_LANGUAGE_STANDARD = "gnu++20";
				CLANG_ENABLE_MODULES = YES;
				CLANG_ENABLE_OBJC_ARC = YES;
				CLANG_ENABLE_OBJC_WEAK = YES;
				CLANG_WARN_BLOCK_CAPTURE_AUTORELEASING = YES;
				CLANG_WARN_BOOL_CONVERSION = YES;
				CLANG_WARN_COMMA = YES;
				CLANG_WARN_CONSTANT_CONVERSION = YES;
				CLANG_WARN_DEPRECATED_OBJC_IMPLEMENTATIONS = YES;
				CLANG_WARN_DIRECT_OBJC_ISA_USAGE = YES_ERROR;
				CLANG_WARN_DOCUMENTATION_COMMENTS = YES;
				CLANG_WARN_EMPTY_BODY = YES;
				CLANG_WARN_ENUM_CONVERSION = YES;
				CLANG_WARN_INFINITE_RECURSION = YES;
				CLANG_WARN_INT_CONVERSION = YES;
				CLANG_WARN_NON_LITERAL_NULL_CONVERSION = YES;
				CLANG_WARN_OBJC_IMPLICIT_RETAIN_SELF = YES;
				CLANG_WARN_OBJC_LITERAL_CONVERSION = YES;
				CLANG_WARN_OBJC_ROOT_CLASS = YES_ERROR;
				CLANG_WARN_QUOTED_INCLUDE_IN_FRAMEWORK_HEADER = YES;
				CLANG_WARN_RANGE_LOOP_ANALYSIS = YES;
				CLANG_WARN_STRICT_PROTOTYPES = YES;
				CLANG_WARN_SUSPICIOUS_MOVE = YES;
				CLANG_WARN_UNGUARDED_AVAILABILITY = YES_AGGRESSIVE;
				CLANG_WARN_UNREACHABLE_CODE = YES;
				CLANG_WARN__DUPLICATE_METHOD_MATCH = YES;
				COPY_PHASE_STRIP = NO;
				DEBUG_INFORMATION_FORMAT = dwarf;
				ENABLE_STRICT_OBJC_MSGSEND = YES;
				ENABLE_TESTABILITY = YES;
				ENABLE_USER_SCRIPT_SANDBOXING = YES;
				GCC_C_LANGUAGE_STANDARD = gnu17;
				GCC_DYNAMIC_NO_PIC = NO;
				GCC_NO_COMMON_BLOCKS = YES;
				GCC_OPTIMIZATION_LEVEL = 0;
				GCC_PREPROCESSOR_DEFINITIONS = (
					"DEBUG=1",
					"$(inherited)",
				);
				GCC_WARN_64_TO_32_BIT_CONVERSION = YES;
				GCC_WARN_ABOUT_RETURN_TYPE = YES_ERROR;
				GCC_WARN_UNDECLARED_SELECTOR = YES;
				GCC_WARN_UNINITIALIZED_AUTOS = YES_AGGRESSIVE;
				GCC_WARN_UNUSED_FUNCTION = YES;
				GCC_WARN_UNUSED_VARIABLE = YES;
				IPHONEOS_DEPLOYMENT_TARGET = 18.2;
				LOCALIZATION_PREFERS_STRING_CATALOGS = YES;
				MTL_ENABLE_DEBUG_INFO = INCLUDE_SOURCE;
				MTL_FAST_MATH = YES;
				ONLY_ACTIVE_ARCH = YES;
				SDKROOT = iphoneos;
				SWIFT_ACTIVE_COMPILATION_CONDITIONS = "DEBUG $(inherited)";
				SWIFT_OPTIMIZATION_LEVEL = "-Onone";
			};
			name = Debug;
		};
		98EC5FF32DD32DDF0077454D /* Release */ = {
			isa = XCBuildConfiguration;
			buildSettings = {
				ALWAYS_SEARCH_USER_PATHS = NO;
				ASSETCATALOG_COMPILER_GENERATE_SWIFT_ASSET_SYMBOL_EXTENSIONS = YES;
				CLANG_ANALYZER_NONNULL = YES;
				CLANG_ANALYZER_NUMBER_OBJECT_CONVERSION = YES_AGGRESSIVE;
				CLANG_CXX_LANGUAGE_STANDARD = "gnu++20";
				CLANG_ENABLE_MODULES = YES;
				CLANG_ENABLE_OBJC_ARC = YES;
				CLANG_ENABLE_OBJC_WEAK = YES;
				CLANG_WARN_BLOCK_CAPTURE_AUTORELEASING = YES;
				CLANG_WARN_BOOL_CONVERSION = YES;
				CLANG_WARN_COMMA = YES;
				CLANG_WARN_CONSTANT_CONVERSION = YES;
				CLANG_WARN_DEPRECATED_OBJC_IMPLEMENTATIONS = YES;
				CLANG_WARN_DIRECT_OBJC_ISA_USAGE = YES_ERROR;
				CLANG_WARN_DOCUMENTATION_COMMENTS = YES;
				CLANG_WARN_EMPTY_BODY = YES;
				CLANG_WARN_ENUM_CONVERSION = YES;
				CLANG_WARN_INFINITE_RECURSION = YES;
				CLANG_WARN_INT_CONVERSION = YES;
				CLANG_WARN_NON_LITERAL_NULL_CONVERSION = YES;
				CLANG_WARN_OBJC_IMPLICIT_RETAIN_SELF = YES;
				CLANG_WARN_OBJC_LITERAL_CONVERSION = YES;
				CLANG_WARN_OBJC_ROOT_CLASS = YES_ERROR;
				CLANG_WARN_QUOTED_INCLUDE_IN_FRAMEWORK_HEADER = YES;
				CLANG_WARN_RANGE_LOOP_ANALYSIS = YES;
				CLANG_WARN_STRICT_PROTOTYPES = YES;
				CLANG_WARN_SUSPICIOUS_MOVE = YES;
				CLANG_WARN_UNGUARDED_AVAILABILITY = YES_AGGRESSIVE;
				CLANG_WARN_UNREACHABLE_CODE = YES;
				CLANG_WARN__DUPLICATE_METHOD_MATCH = YES;
				COPY_PHASE_STRIP = NO;
				DEBUG_INFORMATION_FORMAT = "dwarf-with-dsym";
				ENABLE_NS_ASSERTIONS = NO;
				ENABLE_STRICT_OBJC_MSGSEND = YES;
				ENABLE_USER_SCRIPT_SANDBOXING = YES;
				GCC_C_LANGUAGE_STANDARD = gnu17;
				GCC_NO_COMMON_BLOCKS = YES;
				GCC_WARN_64_TO_32_BIT_CONVERSION = YES;
				GCC_WARN_ABOUT_RETURN_TYPE = YES_ERROR;
				GCC_WARN_UNDECLARED_SELECTOR = YES;
				GCC_WARN_UNINITIALIZED_AUTOS = YES_AGGRESSIVE;
				GCC_WARN_UNUSED_FUNCTION = YES;
				GCC_WARN_UNUSED_VARIABLE = YES;
				IPHONEOS_DEPLOYMENT_TARGET = 18.2;
				LOCALIZATION_PREFERS_STRING_CATALOGS = YES;
				MTL_ENABLE_DEBUG_INFO = NO;
				MTL_FAST_MATH = YES;
				SDKROOT = iphoneos;
				SWIFT_COMPILATION_MODE = wholemodule;
				VALIDATE_PRODUCT = YES;
			};
			name = Release;
		};
		98EC5FF52DD32DDF0077454D /* Debug */ = {
			isa = XCBuildConfiguration;
			buildSettings = {
				ASSETCATALOG_COMPILER_APPICON_NAME = AppIcon;
				ASSETCATALOG_COMPILER_GLOBAL_ACCENT_COLOR_NAME = AccentColor;
				CODE_SIGN_STYLE = Automatic;
				CURRENT_PROJECT_VERSION = 1;
				DEVELOPMENT_ASSET_PATHS = "\"Memorize/Preview Content\"";
				ENABLE_PREVIEWS = YES;
				GENERATE_INFOPLIST_FILE = YES;
				INFOPLIST_KEY_UIApplicationSceneManifest_Generation = YES;
				INFOPLIST_KEY_UIApplicationSupportsIndirectInputEvents = YES;
				INFOPLIST_KEY_UILaunchScreen_Generation = YES;
				INFOPLIST_KEY_UISupportedInterfaceOrientations_iPad = "UIInterfaceOrientationPortrait UIInterfaceOrientationPortraitUpsideDown UIInterfaceOrientationLandscapeLeft UIInterfaceOrientationLandscapeRight";
				INFOPLIST_KEY_UISupportedInterfaceOrientations_iPhone = "UIInterfaceOrientationPortrait UIInterfaceOrientationLandscapeLeft UIInterfaceOrientationLandscapeRight";
				LD_RUNPATH_SEARCH_PATHS = (
					"$(inherited)",
					"@executable_path/Frameworks",
				);
				MARKETING_VERSION = 1.0;
				PRODUCT_BUNDLE_IDENTIFIER = "com.gmail-avirandabush.Memorize";
				PRODUCT_NAME = "$(TARGET_NAME)";
				SWIFT_EMIT_LOC_STRINGS = YES;
				SWIFT_VERSION = 5.0;
				TARGETED_DEVICE_FAMILY = "1,2";
			};
			name = Debug;
		};
		98EC5FF62DD32DDF0077454D /* Release */ = {
			isa = XCBuildConfiguration;
			buildSettings = {
				ASSETCATALOG_COMPILER_APPICON_NAME = AppIcon;
				ASSETCATALOG_COMPILER_GLOBAL_ACCENT_COLOR_NAME = AccentColor;
				CODE_SIGN_STYLE = Automatic;
				CURRENT_PROJECT_VERSION = 1;
				DEVELOPMENT_ASSET_PATHS = "\"Memorize/Preview Content\"";
				ENABLE_PREVIEWS = YES;
				GENERATE_INFOPLIST_FILE = YES;
				INFOPLIST_KEY_UIApplicationSceneManifest_Generation = YES;
				INFOPLIST_KEY_UIApplicationSupportsIndirectInputEvents = YES;
				INFOPLIST_KEY_UILaunchScreen_Generation = YES;
				INFOPLIST_KEY_UISupportedInterfaceOrientations_iPad = "UIInterfaceOrientationPortrait UIInterfaceOrientationPortraitUpsideDown UIInterfaceOrientationLandscapeLeft UIInterfaceOrientationLandscapeRight";
				INFOPLIST_KEY_UISupportedInterfaceOrientations_iPhone = "UIInterfaceOrientationPortrait UIInterfaceOrientationLandscapeLeft UIInterfaceOrientationLandscapeRight";
				LD_RUNPATH_SEARCH_PATHS = (
					"$(inherited)",
					"@executable_path/Frameworks",
				);
				MARKETING_VERSION = 1.0;
				PRODUCT_BUNDLE_IDENTIFIER = "com.gmail-avirandabush.Memorize";
				PRODUCT_NAME = "$(TARGET_NAME)";
				SWIFT_EMIT_LOC_STRINGS = YES;
				SWIFT_VERSION = 5.0;
				TARGETED_DEVICE_FAMILY = "1,2";
			};
			name = Release;
		};
		98EC5FF82DD32DDF0077454D /* Debug */ = {
			isa = XCBuildConfiguration;
			buildSettings = {
				BUNDLE_LOADER = "$(TEST_HOST)";
				CODE_SIGN_STYLE = Automatic;
				CURRENT_PROJECT_VERSION = 1;
				GENERATE_INFOPLIST_FILE = YES;
				IPHONEOS_DEPLOYMENT_TARGET = 18.2;
				MARKETING_VERSION = 1.0;
				PRODUCT_BUNDLE_IDENTIFIER = "com.gmail-avirandabush.MemorizeTests";
				PRODUCT_NAME = "$(TARGET_NAME)";
				SWIFT_EMIT_LOC_STRINGS = NO;
				SWIFT_VERSION = 5.0;
				TARGETED_DEVICE_FAMILY = "1,2";
				TEST_HOST = "$(BUILT_PRODUCTS_DIR)/Memorize.app/$(BUNDLE_EXECUTABLE_FOLDER_PATH)/Memorize";
			};
			name = Debug;
		};
		98EC5FF92DD32DDF0077454D /* Release */ = {
			isa = XCBuildConfiguration;
			buildSettings = {
				BUNDLE_LOADER = "$(TEST_HOST)";
				CODE_SIGN_STYLE = Automatic;
				CURRENT_PROJECT_VERSION = 1;
				GENERATE_INFOPLIST_FILE = YES;
				IPHONEOS_DEPLOYMENT_TARGET = 18.2;
				MARKETING_VERSION = 1.0;
				PRODUCT_BUNDLE_IDENTIFIER = "com.gmail-avirandabush.MemorizeTests";
				PRODUCT_NAME = "$(TARGET_NAME)";
				SWIFT_EMIT_LOC_STRINGS = NO;
				SWIFT_VERSION = 5.0;
				TARGETED_DEVICE_FAMILY = "1,2";
				TEST_HOST = "$(BUILT_PRODUCTS_DIR)/Memorize.app/$(BUNDLE_EXECUTABLE_FOLDER_PATH)/Memorize";
			};
			name = Release;
		};
		98EC5FFB2DD32DDF0077454D /* Debug */ = {
			isa = XCBuildConfiguration;
			buildSettings = {
				CODE_SIGN_STYLE = Automatic;
				CURRENT_PROJECT_VERSION = 1;
				GENERATE_INFOPLIST_FILE = YES;
				MARKETING_VERSION = 1.0;
				PRODUCT_BUNDLE_IDENTIFIER = "com.gmail-avirandabush.MemorizeUITests";
				PRODUCT_NAME = "$(TARGET_NAME)";
				SWIFT_EMIT_LOC_STRINGS = NO;
				SWIFT_VERSION = 5.0;
				TARGETED_DEVICE_FAMILY = "1,2";
				TEST_TARGET_NAME = Memorize;
			};
			name = Debug;
		};
		98EC5FFC2DD32DDF0077454D /* Release */ = {
			isa = XCBuildConfiguration;
			buildSettings = {
				CODE_SIGN_STYLE = Automatic;
				CURRENT_PROJECT_VERSION = 1;
				GENERATE_INFOPLIST_FILE = YES;
				MARKETING_VERSION = 1.0;
				PRODUCT_BUNDLE_IDENTIFIER = "com.gmail-avirandabush.MemorizeUITests";
				PRODUCT_NAME = "$(TARGET_NAME)";
				SWIFT_EMIT_LOC_STRINGS = NO;
				SWIFT_VERSION = 5.0;
				TARGETED_DEVICE_FAMILY = "1,2";
				TEST_TARGET_NAME = Memorize;
			};
			name = Release;
		};
/* End XCBuildConfiguration section */

/* Begin XCConfigurationList section */
		98EC5FCB2DD32DDD0077454D /* Build configuration list for PBXProject "Memorize" */ = {
			isa = XCConfigurationList;
			buildConfigurations = (
				98EC5FF22DD32DDF0077454D /* Debug */,
				98EC5FF32DD32DDF0077454D /* Release */,
			);
			defaultConfigurationIsVisible = 0;
			defaultConfigurationName = Release;
		};
		98EC5FF42DD32DDF0077454D /* Build configuration list for PBXNativeTarget "Memorize" */ = {
			isa = XCConfigurationList;
			buildConfigurations = (
				98EC5FF52DD32DDF0077454D /* Debug */,
				98EC5FF62DD32DDF0077454D /* Release */,
			);
			defaultConfigurationIsVisible = 0;
			defaultConfigurationName = Release;
		};
		98EC5FF72DD32DDF0077454D /* Build configuration list for PBXNativeTarget "MemorizeTests" */ = {
			isa = XCConfigurationList;
			buildConfigurations = (
				98EC5FF82DD32DDF0077454D /* Debug */,
				98EC5FF92DD32DDF0077454D /* Release */,
			);
			defaultConfigurationIsVisible = 0;
			defaultConfigurationName = Release;
		};
		98EC5FFA2DD32DDF0077454D /* Build configuration list for PBXNativeTarget "MemorizeUITests" */ = {
			isa = XCConfigurationList;
			buildConfigurations = (
				98EC5FFB2DD32DDF0077454D /* Debug */,
				98EC5FFC2DD32DDF0077454D /* Release */,
			);
			defaultConfigurationIsVisible = 0;
			defaultConfigurationName = Release;
		};
/* End XCConfigurationList section */
	};
	rootObject = 98EC5FC82DD32DDD0077454D /* Project object */;
}
